
Microsoft Visual Studio Solution File, Format Version 12.00
# Visual Studio Version 17
VisualStudioVersion = 17.13.35818.85 d17.13
MinimumVisualStudioVersion = 10.0.40219.1
Project("{FAE04EC0-301F-11D3-BF4B-00C04F79EFBC}") = "bai17_Tinhlaisuat", "bai17_Tinhlaisuat.csproj", "{75D1C40F-978D-47CE-A3A0-B6945D77A798}"
EndProject
Global
	GlobalSection(SolutionConfigurationPlatforms) = preSolution
		Debug|Any CPU = Debug|Any CPU
		Release|Any CPU = Release|Any CPU
	EndGlobalSection
	GlobalSection(ProjectConfigurationPlatforms) = postSolution
		{75D1C40F-978D-47CE-A3A0-B6945D77A798}.Debug|Any CPU.ActiveCfg = Debug|Any CPU
		{75D1C40F-978D-47CE-A3A0-B6945D77A798}.Debug|Any CPU.Build.0 = Debug|Any CPU
		{75D1C40F-978D-47CE-A3A0-B6945D77A798}.Release|Any CPU.ActiveCfg = Release|Any CPU
		{75D1C40F-978D-47CE-A3A0-B6945D77A798}.Release|Any CPU.Build.0 = Release|Any CPU
	EndGlobalSection
	GlobalSection(SolutionProperties) = preSolution
		HideSolutionNode = FALSE
	EndGlobalSection
	GlobalSection(ExtensibilityGlobals) = postSolution
		SolutionGuid = {24F377A9-F6BD-4CB8-A558-AD512A8AD0E6}
	EndGlobalSection
EndGlobal
